// !$*UTF8*$!
{
	archiveVersion = 1;
	classes = {
	};
	objectVersion = 46;
	objects = {

/* Begin PBXBuildFile section */
		F9ECFB431D73C6A400CE8201 /* PreviewViewController.swift in Sources */ = {isa = PBXBuildFile; fileRef = F9ECFB421D73C6A400CE8201 /* PreviewViewController.swift */; };
		F9ED328B1D71795100C5F5C4 /* AppDelegate.swift in Sources */ = {isa = PBXBuildFile; fileRef = F9ED328A1D71795100C5F5C4 /* AppDelegate.swift */; };
		F9ED32921D71795100C5F5C4 /* Assets.xcassets in Resources */ = {isa = PBXBuildFile; fileRef = F9ED32911D71795100C5F5C4 /* Assets.xcassets */; };
		F9ED32A81D7179B100C5F5C4 /* ALAssentModel.swift in Sources */ = {isa = PBXBuildFile; fileRef = F9ED329D1D7179B100C5F5C4 /* ALAssentModel.swift */; };
		F9ED32A91D7179B200C5F5C4 /* PhotoLibraryCell.swift in Sources */ = {isa = PBXBuildFile; fileRef = F9ED329E1D7179B100C5F5C4 /* PhotoLibraryCell.swift */; };
		F9ED32AA1D7179B200C5F5C4 /* PhotoViewController.swift in Sources */ = {isa = PBXBuildFile; fileRef = F9ED329F1D7179B100C5F5C4 /* PhotoViewController.swift */; };
		F9ED32AB1D7179B200C5F5C4 /* PPopoverView.swift in Sources */ = {isa = PBXBuildFile; fileRef = F9ED32A11D7179B100C5F5C4 /* PPopoverView.swift */; };
		F9ED32AC1D7179B200C5F5C4 /* PPoverTableCell.swift in Sources */ = {isa = PBXBuildFile; fileRef = F9ED32A21D7179B100C5F5C4 /* PPoverTableCell.swift */; };
		F9ED32AE1D7179B200C5F5C4 /* PreviewAnimator.swift in Sources */ = {isa = PBXBuildFile; fileRef = F9ED32A51D7179B100C5F5C4 /* PreviewAnimator.swift */; };
		F9ED32AF1D7179B200C5F5C4 /* PreviewCollectionCell.swift in Sources */ = {isa = PBXBuildFile; fileRef = F9ED32A61D7179B100C5F5C4 /* PreviewCollectionCell.swift */; };
		F9F5058F1D72B6F500E4F214 /* RootViewController.swift in Sources */ = {isa = PBXBuildFile; fileRef = F9F5058E1D72B6F500E4F214 /* RootViewController.swift */; };
		F9F505911D72D15200E4F214 /* SelectedPhotoCell.swift in Sources */ = {isa = PBXBuildFile; fileRef = F9F505901D72D15200E4F214 /* SelectedPhotoCell.swift */; };
/* End PBXBuildFile section */

/* Begin PBXFileReference section */
		F9ECFB421D73C6A400CE8201 /* PreviewViewController.swift */ = {isa = PBXFileReference; fileEncoding = 4; lastKnownFileType = sourcecode.swift; path = PreviewViewController.swift; sourceTree = "<group>"; };
		F9ED32871D71795100C5F5C4 /* ZCJImagePicker.app */ = {isa = PBXFileReference; explicitFileType = wrapper.application; includeInIndex = 0; path = ZCJImagePicker.app; sourceTree = BUILT_PRODUCTS_DIR; };
		F9ED328A1D71795100C5F5C4 /* AppDelegate.swift */ = {isa = PBXFileReference; lastKnownFileType = sourcecode.swift; path = AppDelegate.swift; sourceTree = "<group>"; };
		F9ED32911D71795100C5F5C4 /* Assets.xcassets */ = {isa = PBXFileReference; lastKnownFileType = folder.assetcatalog; path = Assets.xcassets; sourceTree = "<group>"; };
		F9ED32961D71795100C5F5C4 /* Info.plist */ = {isa = PBXFileReference; lastKnownFileType = text.plist.xml; path = Info.plist; sourceTree = "<group>"; };
		F9ED329D1D7179B100C5F5C4 /* ALAssentModel.swift */ = {isa = PBXFileReference; fileEncoding = 4; lastKnownFileType = sourcecode.swift; path = ALAssentModel.swift; sourceTree = "<group>"; };
		F9ED329E1D7179B100C5F5C4 /* PhotoLibraryCell.swift */ = {isa = PBXFileReference; fileEncoding = 4; lastKnownFileType = sourcecode.swift; path = PhotoLibraryCell.swift; sourceTree = "<group>"; };
		F9ED329F1D7179B100C5F5C4 /* PhotoViewController.swift */ = {isa = PBXFileReference; fileEncoding = 4; lastKnownFileType = sourcecode.swift; path = PhotoViewController.swift; sourceTree = "<group>"; };
		F9ED32A11D7179B100C5F5C4 /* PPopoverView.swift */ = {isa = PBXFileReference; fileEncoding = 4; lastKnownFileType = sourcecode.swift; path = PPopoverView.swift; sourceTree = "<group>"; };
		F9ED32A21D7179B100C5F5C4 /* PPoverTableCell.swift */ = {isa = PBXFileReference; fileEncoding = 4; lastKnownFileType = sourcecode.swift; path = PPoverTableCell.swift; sourceTree = "<group>"; };
		F9ED32A51D7179B100C5F5C4 /* PreviewAnimator.swift */ = {isa = PBXFileReference; fileEncoding = 4; lastKnownFileType = sourcecode.swift; path = PreviewAnimator.swift; sourceTree = "<group>"; };
		F9ED32A61D7179B100C5F5C4 /* PreviewCollectionCell.swift */ = {isa = PBXFileReference; fileEncoding = 4; lastKnownFileType = sourcecode.swift; path = PreviewCollectionCell.swift; sourceTree = "<group>"; };
		F9F5058E1D72B6F500E4F214 /* RootViewController.swift */ = {isa = PBXFileReference; fileEncoding = 4; lastKnownFileType = sourcecode.swift; path = RootViewController.swift; sourceTree = "<group>"; };
		F9F505901D72D15200E4F214 /* SelectedPhotoCell.swift */ = {isa = PBXFileReference; fileEncoding = 4; lastKnownFileType = sourcecode.swift; path = SelectedPhotoCell.swift; sourceTree = "<group>"; };
/* End PBXFileReference section */

/* Begin PBXFrameworksBuildPhase section */
		F9ED32841D71795100C5F5C4 /* Frameworks */ = {
			isa = PBXFrameworksBuildPhase;
			buildActionMask = 2147483647;
			files = (
			);
			runOnlyForDeploymentPostprocessing = 0;
		};
/* End PBXFrameworksBuildPhase section */

/* Begin PBXGroup section */
		F9ED327E1D71795100C5F5C4 = {
			isa = PBXGroup;
			children = (
				F9ED32891D71795100C5F5C4 /* ZCJImagePicker */,
				F9ED32881D71795100C5F5C4 /* Products */,
			);
			sourceTree = "<group>";
		};
		F9ED32881D71795100C5F5C4 /* Products */ = {
			isa = PBXGroup;
			children = (
				F9ED32871D71795100C5F5C4 /* ZCJImagePicker.app */,
			);
			name = Products;
			sourceTree = "<group>";
		};
		F9ED32891D71795100C5F5C4 /* ZCJImagePicker */ = {
			isa = PBXGroup;
			children = (
				F9ED329C1D7179B100C5F5C4 /* ImagePicker */,
				F9ED328A1D71795100C5F5C4 /* AppDelegate.swift */,
				F9F5058E1D72B6F500E4F214 /* RootViewController.swift */,
				F9F505901D72D15200E4F214 /* SelectedPhotoCell.swift */,
				F9ED32911D71795100C5F5C4 /* Assets.xcassets */,
				F9ED32961D71795100C5F5C4 /* Info.plist */,
			);
			path = ZCJImagePicker;
			sourceTree = "<group>";
		};
		F9ED329C1D7179B100C5F5C4 /* ImagePicker */ = {
			isa = PBXGroup;
			children = (
				F9ED32A01D7179B100C5F5C4 /* Popover */,
				F9ED32A31D7179B100C5F5C4 /* Preview */,
				F9ED329F1D7179B100C5F5C4 /* PhotoViewController.swift */,
				F9ED329E1D7179B100C5F5C4 /* PhotoLibraryCell.swift */,
				F9ED329D1D7179B100C5F5C4 /* ALAssentModel.swift */,
			);
			path = ImagePicker;
			sourceTree = "<group>";
		};
		F9ED32A01D7179B100C5F5C4 /* Popover */ = {
			isa = PBXGroup;
			children = (
				F9ED32A11D7179B100C5F5C4 /* PPopoverView.swift */,
				F9ED32A21D7179B100C5F5C4 /* PPoverTableCell.swift */,
			);
			path = Popover;
			sourceTree = "<group>";
		};
		F9ED32A31D7179B100C5F5C4 /* Preview */ = {
			isa = PBXGroup;
			children = (
				F9ECFB421D73C6A400CE8201 /* PreviewViewController.swift */,
				F9ED32A61D7179B100C5F5C4 /* PreviewCollectionCell.swift */,
				F9ED32A51D7179B100C5F5C4 /* PreviewAnimator.swift */,
			);
			path = Preview;
			sourceTree = "<group>";
		};
/* End PBXGroup section */

/* Begin PBXNativeTarget section */
		F9ED32861D71795100C5F5C4 /* ZCJImagePicker */ = {
			isa = PBXNativeTarget;
			buildConfigurationList = F9ED32991D71795100C5F5C4 /* Build configuration list for PBXNativeTarget "ZCJImagePicker" */;
			buildPhases = (
				F9ED32831D71795100C5F5C4 /* Sources */,
				F9ED32841D71795100C5F5C4 /* Frameworks */,
				F9ED32851D71795100C5F5C4 /* Resources */,
			);
			buildRules = (
			);
			dependencies = (
			);
			name = ZCJImagePicker;
			productName = ZCJImagePicker;
			productReference = F9ED32871D71795100C5F5C4 /* ZCJImagePicker.app */;
			productType = "com.apple.product-type.application";
		};
/* End PBXNativeTarget section */

/* Begin PBXProject section */
		F9ED327F1D71795100C5F5C4 /* Project object */ = {
			isa = PBXProject;
			attributes = {
				LastSwiftUpdateCheck = 0720;
				LastUpgradeCheck = 0720;
				ORGANIZATIONNAME = zhoucj;
				TargetAttributes = {
					F9ED32861D71795100C5F5C4 = {
						CreatedOnToolsVersion = 7.2.1;
						DevelopmentTeam = WKD3MS5PU8;
					};
				};
			};
			buildConfigurationList = F9ED32821D71795100C5F5C4 /* Build configuration list for PBXProject "ZCJImagePicker" */;
			compatibilityVersion = "Xcode 3.2";
			developmentRegion = English;
			hasScannedForEncodings = 0;
			knownRegions = (
				en,
				Base,
			);
			mainGroup = F9ED327E1D71795100C5F5C4;
			productRefGroup = F9ED32881D71795100C5F5C4 /* Products */;
			projectDirPath = "";
			projectRoot = "";
			targets = (
				F9ED32861D71795100C5F5C4 /* ZCJImagePicker */,
			);
		};
/* End PBXProject section */

/* Begin PBXResourcesBuildPhase section */
		F9ED32851D71795100C5F5C4 /* Resources */ = {
			isa = PBXResourcesBuildPhase;
			buildActionMask = 2147483647;
			files = (
				F9ED32921D71795100C5F5C4 /* Assets.xcassets in Resources */,
			);
			runOnlyForDeploymentPostprocessing = 0;
		};
/* End PBXResourcesBuildPhase section */

/* Begin PBXSourcesBuildPhase section */
		F9ED32831D71795100C5F5C4 /* Sources */ = {
			isa = PBXSourcesBuildPhase;
			buildActionMask = 2147483647;
			files = (
				F9F5058F1D72B6F500E4F214 /* RootViewController.swift in Sources */,
				F9ED328B1D71795100C5F5C4 /* AppDelegate.swift in Sources */,
				F9ED32AF1D7179B200C5F5C4 /* PreviewCollectionCell.swift in Sources */,
				F9ED32AA1D7179B200C5F5C4 /* PhotoViewController.swift in Sources */,
				F9ED32AC1D7179B200C5F5C4 /* PPoverTableCell.swift in Sources */,
				F9F505911D72D15200E4F214 /* SelectedPhotoCell.swift in Sources */,
				F9ED32A81D7179B100C5F5C4 /* ALAssentModel.swift in Sources */,
				F9ED32AE1D7179B200C5F5C4 /* PreviewAnimator.swift in Sources */,
				F9ED32A91D7179B200C5F5C4 /* PhotoLibraryCell.swift in Sources */,
				F9ED32AB1D7179B200C5F5C4 /* PPopoverView.swift in Sources */,
				F9ECFB431D73C6A400CE8201 /* PreviewViewController.swift in Sources */,
			);
			runOnlyForDeploymentPostprocessing = 0;
		};
/* End PBXSourcesBuildPhase section */

/* Begin XCBuildConfiguration section */
		F9ED32971D71795100C5F5C4 /* Debug */ = {
			isa = XCBuildConfiguration;
			buildSettings = {
				ALWAYS_SEARCH_USER_PATHS = NO;
				CLANG_CXX_LANGUAGE_STANDARD = "gnu++0x";
				CLANG_CXX_LIBRARY = "libc++";
				CLANG_ENABLE_MODULES = YES;
				CLANG_ENABLE_OBJC_ARC = YES;
				CLANG_WARN_BOOL_CONVERSION = YES;
				CLANG_WARN_CONSTANT_CONVERSION = YES;
				CLANG_WARN_DIRECT_OBJC_ISA_USAGE = YES_ERROR;
				CLANG_WARN_EMPTY_BODY = YES;
				CLANG_WARN_ENUM_CONVERSION = YES;
				CLANG_WARN_INT_CONVERSION = YES;
				CLANG_WARN_OBJC_ROOT_CLASS = YES_ERROR;
				CLANG_WARN_UNREACHABLE_CODE = YES;
				CLANG_WARN__DUPLICATE_METHOD_MATCH = YES;
				"CODE_SIGN_IDENTITY[sdk=iphoneos*]" = "iPhone Developer";
				COPY_PHASE_STRIP = NO;
				DEBUG_INFORMATION_FORMAT = dwarf;
				ENABLE_STRICT_OBJC_MSGSEND = YES;
				ENABLE_TESTABILITY = YES;
				GCC_C_LANGUAGE_STANDARD = gnu99;
				GCC_DYNAMIC_NO_PIC = NO;
				GCC_NO_COMMON_BLOCKS = YES;
				GCC_OPTIMIZATION_LEVEL = 0;
				GCC_PREPROCESSOR_DEFINITIONS = (
					"DEBUG=1",
					"$(inherited)",
				);
				GCC_WARN_64_TO_32_BIT_CONVERSION = YES;
				GCC_WARN_ABOUT_RETURN_TYPE = YES_ERROR;
				GCC_WARN_UNDECLARED_SELECTOR = YES;
				GCC_WARN_UNINITIALIZED_AUTOS = YES_AGGRESSIVE;
				GCC_WARN_UNUSED_FUNCTION = YES;
				GCC_WARN_UNUSED_VARIABLE = YES;
				IPHONEOS_DEPLOYMENT_TARGET = 7.0;
				MTL_ENABLE_DEBUG_INFO = YES;
				ONLY_ACTIVE_ARCH = YES;
				SDKROOT = iphoneos;
				SWIFT_OPTIMIZATION_LEVEL = "-Onone";
			};
			name = Debug;
		};
		F9ED32981D71795100C5F5C4 /* Release */ = {
			isa = XCBuildConfiguration;
			buildSettings = {
				ALWAYS_SEARCH_USER_PATHS = NO;
				CLANG_CXX_LANGUAGE_STANDARD = "gnu++0x";
				CLANG_CXX_LIBRARY = "libc++";
				CLANG_ENABLE_MODULES = YES;
				CLANG_ENABLE_OBJC_ARC = YES;
				CLANG_WARN_BOOL_CONVERSION = YES;
				CLANG_WARN_CONSTANT_CONVERSION = YES;
				CLANG_WARN_DIRECT_OBJC_ISA_USAGE = YES_ERROR;
				CLANG_WARN_EMPTY_BODY = YES;
				CLANG_WARN_ENUM_CONVERSION = YES;
				CLANG_WARN_INT_CONVERSION = YES;
				CLANG_WARN_OBJC_ROOT_CLASS = YES_ERROR;
				CLANG_WARN_UNREACHABLE_CODE = YES;
				CLANG_WARN__DUPLICATE_METHOD_MATCH = YES;
				"CODE_SIGN_IDENTITY[sdk=iphoneos*]" = "iPhone Developer";
				COPY_PHASE_STRIP = NO;
				DEBUG_INFORMATION_FORMAT = "dwarf-with-dsym";
				ENABLE_NS_ASSERTIONS = NO;
				ENABLE_STRICT_OBJC_MSGSEND = YES;
				GCC_C_LANGUAGE_STANDARD = gnu99;
				GCC_NO_COMMON_BLOCKS = YES;
				GCC_WARN_64_TO_32_BIT_CONVERSION = YES;
				GCC_WARN_ABOUT_RETURN_TYPE = YES_ERROR;
				GCC_WARN_UNDECLARED_SELECTOR = YES;
				GCC_WARN_UNINITIALIZED_AUTOS = YES_AGGRESSIVE;
				GCC_WARN_UNUSED_FUNCTION = YES;
				GCC_WARN_UNUSED_VARIABLE = YES;
				IPHONEOS_DEPLOYMENT_TARGET = 7.0;
				MTL_ENABLE_DEBUG_INFO = NO;
				SDKROOT = iphoneos;
				VALIDATE_PRODUCT = YES;
			};
			name = Release;
		};
		F9ED329A1D71795100C5F5C4 /* Debug */ = {
			isa = XCBuildConfiguration;
			buildSettings = {
				ASSETCATALOG_COMPILER_APPICON_NAME = AppIcon;
				ASSETCATALOG_COMPILER_LAUNCHIMAGE_NAME = LaunchImage;
				INFOPLIST_FILE = ZCJImagePicker/Info.plist;
				LD_RUNPATH_SEARCH_PATHS = "$(inherited) @executable_path/Frameworks";
				PRODUCT_BUNDLE_IDENTIFIER = com.zhou.ZCJImagePicker;
				PRODUCT_NAME = "$(TARGET_NAME)";
			};
			name = Debug;
		};
		F9ED329B1D71795100C5F5C4 /* Release */ = {
			isa = XCBuildConfiguration;
			buildSettings = {
				ASSETCATALOG_COMPILER_APPICON_NAME = AppIcon;
				ASSETCATALOG_COMPILER_LAUNCHIMAGE_NAME = LaunchImage;
				INFOPLIST_FILE = ZCJImagePicker/Info.plist;
				LD_RUNPATH_SEARCH_PATHS = "$(inherited) @executable_path/Frameworks";
				PRODUCT_BUNDLE_IDENTIFIER = com.zhou.ZCJImagePicker;
				PRODUCT_NAME = "$(TARGET_NAME)";
			};
			name = Release;
		};
/* End XCBuildConfiguration section */

/* Begin XCConfigurationList section */
		F9ED32821D71795100C5F5C4 /* Build configuration list for PBXProject "ZCJImagePicker" */ = {
			isa = XCConfigurationList;
			buildConfigurations = (
				F9ED32971D71795100C5F5C4 /* Debug */,
				F9ED32981D71795100C5F5C4 /* Release */,
			);
			defaultConfigurationIsVisible = 0;
			defaultConfigurationName = Release;
		};
		F9ED32991D71795100C5F5C4 /* Build configuration list for PBXNativeTarget "ZCJImagePicker" */ = {
			isa = XCConfigurationList;
			buildConfigurations = (
				F9ED329A1D71795100C5F5C4 /* Debug */,
				F9ED329B1D71795100C5F5C4 /* Release */,
			);
			defaultConfigurationIsVisible = 0;
			defaultConfigurationName = Release;
		};
/* End XCConfigurationList section */
	};
	rootObject = F9ED327F1D71795100C5F5C4 /* Project object */;
}
